
Microsoft Visual Studio Solution File, Format Version 12.00
# Visual Studio Version 16
VisualStudioVersion = 16.0.31729.503
MinimumVisualStudioVersion = 10.0.40219.1
Project("{FAE04EC0-301F-11D3-BF4B-00C04F79EFBC}") = "SqlApp", "SqlApp\SqlApp.csproj", "{D6AF8983-8E9E-46F1-B38C-76BF64257AC5}"
EndProject
Global
	GlobalSection(SolutionConfigurationPlatforms) = preSolution
		Debug|Any CPU = Debug|Any CPU
		Release|Any CPU = Release|Any CPU
	EndGlobalSection
	GlobalSection(ProjectConfigurationPlatforms) = postSolution
		{D6AF8983-8E9E-46F1-B38C-76BF64257AC5}.Debug|Any CPU.ActiveCfg = Debug|Any CPU
		{D6AF8983-8E9E-46F1-B38C-76BF64257AC5}.Debug|Any CPU.Build.0 = Debug|Any CPU
		{D6AF8983-8E9E-46F1-B38C-76BF64257AC5}.Release|Any CPU.ActiveCfg = Release|Any CPU
		{D6AF8983-8E9E-46F1-B38C-76BF64257AC5}.Release|Any CPU.Build.0 = Release|Any CPU
	EndGlobalSection
	GlobalSection(SolutionProperties) = preSolution
		HideSolutionNode = FALSE
	EndGlobalSection
	GlobalSection(ExtensibilityGlobals) = postSolution
		SolutionGuid = {F2563B1C-66C7-4995-899B-2E29B0625F12}
	EndGlobalSection
EndGlobal
